
Microsoft Visual Studio Solution File, Format Version 12.00
# Visual Studio 15
VisualStudioVersion = 15.0.26228.4
MinimumVisualStudioVersion = 10.0.40219.1
Project("{FAE04EC0-301F-11D3-BF4B-00C04F79EFBC}") = "ROOM", "ConsoleApp1\ROOM.csproj", "{F471F465-4E38-4072-BF2D-4E8EA995CCD8}"
EndProject
Project("{FAE04EC0-301F-11D3-BF4B-00C04F79EFBC}") = "REPaIR", "REPaIR\REPaIR.csproj", "{22D48C42-3F18-4F51-81AA-BD22C5CE9AFC}"
EndProject
Project("{FAE04EC0-301F-11D3-BF4B-00C04F79EFBC}") = "Toom", "Toom\Toom.csproj", "{841EF048-71A9-498F-8964-A3C49697ADD7}"
EndProject
Project("{FAE04EC0-301F-11D3-BF4B-00C04F79EFBC}") = "Alchohol", "Alchohol\Alchohol.csproj", "{9E423ADA-DCE7-45DA-94E6-A3091B19D56B}"
EndProject
Project("{FAE04EC0-301F-11D3-BF4B-00C04F79EFBC}") = "PROFIT", "PROFIT\PROFIT.csproj", "{E6A2C536-6201-4100-9018-06DB9C7DD468}"
EndProject
Project("{FAE04EC0-301F-11D3-BF4B-00C04F79EFBC}") = "HOURS", "HOURS\HOURS.csproj", "{C8C64C91-3C3F-42CE-8043-E4B16FEA9265}"
EndProject
Project("{FAE04EC0-301F-11D3-BF4B-00C04F79EFBC}") = "PAT", "PAT\PAT.csproj", "{CF142021-9959-4A10-A630-4C8A379B62AB}"
EndProject
Project("{FAE04EC0-301F-11D3-BF4B-00C04F79EFBC}") = "PETSFOOD", "PETSFOOD\PETSFOOD.csproj", "{69F7E002-D855-46FC-9FAB-32C22B86FA36}"
EndProject
Project("{FAE04EC0-301F-11D3-BF4B-00C04F79EFBC}") = "DOGHOUSE", "DOGHOUSE\DOGHOUSE.csproj", "{B62F2A8D-2F30-4611-B745-35265356724E}"
EndProject
Project("{FAE04EC0-301F-11D3-BF4B-00C04F79EFBC}") = "REPAIRPATH", "REPAIRPATH\REPAIRPATH.csproj", "{2910F7B0-FC7B-466F-8949-4E793D1A16BE}"
EndProject
Project("{FAE04EC0-301F-11D3-BF4B-00C04F79EFBC}") = "HARALAMPI I PLOCHKITE", "HARALAMPI I PLOCHKITE\HARALAMPI I PLOCHKITE.csproj", "{31510A54-2F0C-4423-BDB7-75C2DA5E91F5}"
EndProject
Project("{FAE04EC0-301F-11D3-BF4B-00C04F79EFBC}") = "VAKANCIQ 3ZAD", "VAKANCIQ 3ZAD\VAKANCIQ 3ZAD.csproj", "{7384E821-39FA-43F8-8CD3-209099BD507D}"
EndProject
Project("{FAE04EC0-301F-11D3-BF4B-00C04F79EFBC}") = "STUDENTS", "STUDENTS\STUDENTS.csproj", "{970990DB-5565-4DCB-A18A-5B24B1A54936}"
EndProject
Project("{FAE04EC0-301F-11D3-BF4B-00C04F79EFBC}") = "Programista", "Programista\Programista.csproj", "{5675AAC1-C5E9-4CBF-96BD-D681BD561AC9}"
EndProject
Project("{FAE04EC0-301F-11D3-BF4B-00C04F79EFBC}") = "DELENIE", "DELENIE\DELENIE.csproj", "{C311034D-6ADB-4FCB-9E55-29A9A00756BD}"
EndProject
Project("{FAE04EC0-301F-11D3-BF4B-00C04F79EFBC}") = "MATCH", "MATCH\MATCH.csproj", "{56114299-8641-454A-B2B9-4CC58715DAB3}"
EndProject
Project("{FAE04EC0-301F-11D3-BF4B-00C04F79EFBC}") = "FISHLAND", "FISHLAND\FISHLAND.csproj", "{2AC88ABE-0A07-43E7-8DD8-0AA3B428169E}"
EndProject
Project("{FAE04EC0-301F-11D3-BF4B-00C04F79EFBC}") = "PETS", "PETS\PETS.csproj", "{5815D795-29A1-4280-8EEF-299B44741109}"
EndProject
Project("{FAE04EC0-301F-11D3-BF4B-00C04F79EFBC}") = "transport", "transport\transport.csproj", "{24D8C36F-5530-4889-91D8-6890E653A2BF}"
EndProject
Project("{FAE04EC0-301F-11D3-BF4B-00C04F79EFBC}") = "POOL", "POOL\POOL.csproj", "{20D95D15-8359-478F-A5DE-B8CB1709D2EA}"
EndProject
Project("{FAE04EC0-301F-11D3-BF4B-00C04F79EFBC}") = "vegetable", "vegetable\vegetable.csproj", "{043A93B8-3206-4C13-B3F6-22D7D7A7E86A}"
EndProject
Project("{FAE04EC0-301F-11D3-BF4B-00C04F79EFBC}") = "procent", "procent\procent.csproj", "{66ABF7A0-91AD-495E-A9F4-3E609126C1C5}"
EndProject
Project("{FAE04EC0-301F-11D3-BF4B-00C04F79EFBC}") = "PRICE HOUSE", "PRICE HOUSE\PRICE HOUSE.csproj", "{8D788D8F-D989-45C2-BDF7-243905CDF3F2}"
EndProject
Project("{FAE04EC0-301F-11D3-BF4B-00C04F79EFBC}") = "Flower Shop", "Flower Shop\Flower Shop.csproj", "{9678DE04-FC34-4986-A562-25A90AA36F31}"
EndProject
Project("{FAE04EC0-301F-11D3-BF4B-00C04F79EFBC}") = "Bike Race", "Bike Race\Bike Race.csproj", "{0D376AEC-8009-454E-8277-1CF5E7B788F6}"
EndProject
Project("{FAE04EC0-301F-11D3-BF4B-00C04F79EFBC}") = "LOGISTIC", "LOGISTIC\LOGISTIC.csproj", "{03F0AA5A-92EF-4D68-BEDC-0731BCA4E222}"
EndProject
Project("{FAE04EC0-301F-11D3-BF4B-00C04F79EFBC}") = "HOSPITAL", "HOSPITAL\HOSPITAL.csproj", "{FBAE19BC-E45A-484B-A0EB-4845B0D6D4BA}"
EndProject
Project("{FAE04EC0-301F-11D3-BF4B-00C04F79EFBC}") = "TOY SHOP", "TOY SHOP\TOY SHOP.csproj", "{E0F0516E-0C12-46FF-8113-35F91ADE8A1C}"
EndProject
Global
	GlobalSection(SolutionConfigurationPlatforms) = preSolution
		Debug|Any CPU = Debug|Any CPU
		Release|Any CPU = Release|Any CPU
	EndGlobalSection
	GlobalSection(ProjectConfigurationPlatforms) = postSolution
		{F471F465-4E38-4072-BF2D-4E8EA995CCD8}.Debug|Any CPU.ActiveCfg = Debug|Any CPU
		{F471F465-4E38-4072-BF2D-4E8EA995CCD8}.Debug|Any CPU.Build.0 = Debug|Any CPU
		{F471F465-4E38-4072-BF2D-4E8EA995CCD8}.Release|Any CPU.ActiveCfg = Release|Any CPU
		{F471F465-4E38-4072-BF2D-4E8EA995CCD8}.Release|Any CPU.Build.0 = Release|Any CPU
		{22D48C42-3F18-4F51-81AA-BD22C5CE9AFC}.Debug|Any CPU.ActiveCfg = Debug|Any CPU
		{22D48C42-3F18-4F51-81AA-BD22C5CE9AFC}.Debug|Any CPU.Build.0 = Debug|Any CPU
		{22D48C42-3F18-4F51-81AA-BD22C5CE9AFC}.Release|Any CPU.ActiveCfg = Release|Any CPU
		{22D48C42-3F18-4F51-81AA-BD22C5CE9AFC}.Release|Any CPU.Build.0 = Release|Any CPU
		{841EF048-71A9-498F-8964-A3C49697ADD7}.Debug|Any CPU.ActiveCfg = Debug|Any CPU
		{841EF048-71A9-498F-8964-A3C49697ADD7}.Debug|Any CPU.Build.0 = Debug|Any CPU
		{841EF048-71A9-498F-8964-A3C49697ADD7}.Release|Any CPU.ActiveCfg = Release|Any CPU
		{841EF048-71A9-498F-8964-A3C49697ADD7}.Release|Any CPU.Build.0 = Release|Any CPU
		{9E423ADA-DCE7-45DA-94E6-A3091B19D56B}.Debug|Any CPU.ActiveCfg = Debug|Any CPU
		{9E423ADA-DCE7-45DA-94E6-A3091B19D56B}.Debug|Any CPU.Build.0 = Debug|Any CPU
		{9E423ADA-DCE7-45DA-94E6-A3091B19D56B}.Release|Any CPU.ActiveCfg = Release|Any CPU
		{9E423ADA-DCE7-45DA-94E6-A3091B19D56B}.Release|Any CPU.Build.0 = Release|Any CPU
		{E6A2C536-6201-4100-9018-06DB9C7DD468}.Debug|Any CPU.ActiveCfg = Debug|Any CPU
		{E6A2C536-6201-4100-9018-06DB9C7DD468}.Debug|Any CPU.Build.0 = Debug|Any CPU
		{E6A2C536-6201-4100-9018-06DB9C7DD468}.Release|Any CPU.ActiveCfg = Release|Any CPU
		{E6A2C536-6201-4100-9018-06DB9C7DD468}.Release|Any CPU.Build.0 = Release|Any CPU
		{C8C64C91-3C3F-42CE-8043-E4B16FEA9265}.Debug|Any CPU.ActiveCfg = Debug|Any CPU
		{C8C64C91-3C3F-42CE-8043-E4B16FEA9265}.Debug|Any CPU.Build.0 = Debug|Any CPU
		{C8C64C91-3C3F-42CE-8043-E4B16FEA9265}.Release|Any CPU.ActiveCfg = Release|Any CPU
		{C8C64C91-3C3F-42CE-8043-E4B16FEA9265}.Release|Any CPU.Build.0 = Release|Any CPU
		{CF142021-9959-4A10-A630-4C8A379B62AB}.Debug|Any CPU.ActiveCfg = Debug|Any CPU
		{CF142021-9959-4A10-A630-4C8A379B62AB}.Debug|Any CPU.Build.0 = Debug|Any CPU
		{CF142021-9959-4A10-A630-4C8A379B62AB}.Release|Any CPU.ActiveCfg = Release|Any CPU
		{CF142021-9959-4A10-A630-4C8A379B62AB}.Release|Any CPU.Build.0 = Release|Any CPU
		{69F7E002-D855-46FC-9FAB-32C22B86FA36}.Debug|Any CPU.ActiveCfg = Debug|Any CPU
		{69F7E002-D855-46FC-9FAB-32C22B86FA36}.Debug|Any CPU.Build.0 = Debug|Any CPU
		{69F7E002-D855-46FC-9FAB-32C22B86FA36}.Release|Any CPU.ActiveCfg = Release|Any CPU
		{69F7E002-D855-46FC-9FAB-32C22B86FA36}.Release|Any CPU.Build.0 = Release|Any CPU
		{B62F2A8D-2F30-4611-B745-35265356724E}.Debug|Any CPU.ActiveCfg = Debug|Any CPU
		{B62F2A8D-2F30-4611-B745-35265356724E}.Debug|Any CPU.Build.0 = Debug|Any CPU
		{B62F2A8D-2F30-4611-B745-35265356724E}.Release|Any CPU.ActiveCfg = Release|Any CPU
		{B62F2A8D-2F30-4611-B745-35265356724E}.Release|Any CPU.Build.0 = Release|Any CPU
		{2910F7B0-FC7B-466F-8949-4E793D1A16BE}.Debug|Any CPU.ActiveCfg = Debug|Any CPU
		{2910F7B0-FC7B-466F-8949-4E793D1A16BE}.Debug|Any CPU.Build.0 = Debug|Any CPU
		{2910F7B0-FC7B-466F-8949-4E793D1A16BE}.Release|Any CPU.ActiveCfg = Release|Any CPU
		{2910F7B0-FC7B-466F-8949-4E793D1A16BE}.Release|Any CPU.Build.0 = Release|Any CPU
		{31510A54-2F0C-4423-BDB7-75C2DA5E91F5}.Debug|Any CPU.ActiveCfg = Debug|Any CPU
		{31510A54-2F0C-4423-BDB7-75C2DA5E91F5}.Debug|Any CPU.Build.0 = Debug|Any CPU
		{31510A54-2F0C-4423-BDB7-75C2DA5E91F5}.Release|Any CPU.ActiveCfg = Release|Any CPU
		{31510A54-2F0C-4423-BDB7-75C2DA5E91F5}.Release|Any CPU.Build.0 = Release|Any CPU
		{7384E821-39FA-43F8-8CD3-209099BD507D}.Debug|Any CPU.ActiveCfg = Debug|Any CPU
		{7384E821-39FA-43F8-8CD3-209099BD507D}.Debug|Any CPU.Build.0 = Debug|Any CPU
		{7384E821-39FA-43F8-8CD3-209099BD507D}.Release|Any CPU.ActiveCfg = Release|Any CPU
		{7384E821-39FA-43F8-8CD3-209099BD507D}.Release|Any CPU.Build.0 = Release|Any CPU
		{970990DB-5565-4DCB-A18A-5B24B1A54936}.Debug|Any CPU.ActiveCfg = Debug|Any CPU
		{970990DB-5565-4DCB-A18A-5B24B1A54936}.Debug|Any CPU.Build.0 = Debug|Any CPU
		{970990DB-5565-4DCB-A18A-5B24B1A54936}.Release|Any CPU.ActiveCfg = Release|Any CPU
		{970990DB-5565-4DCB-A18A-5B24B1A54936}.Release|Any CPU.Build.0 = Release|Any CPU
		{5675AAC1-C5E9-4CBF-96BD-D681BD561AC9}.Debug|Any CPU.ActiveCfg = Debug|Any CPU
		{5675AAC1-C5E9-4CBF-96BD-D681BD561AC9}.Debug|Any CPU.Build.0 = Debug|Any CPU
		{5675AAC1-C5E9-4CBF-96BD-D681BD561AC9}.Release|Any CPU.ActiveCfg = Release|Any CPU
		{5675AAC1-C5E9-4CBF-96BD-D681BD561AC9}.Release|Any CPU.Build.0 = Release|Any CPU
		{C311034D-6ADB-4FCB-9E55-29A9A00756BD}.Debug|Any CPU.ActiveCfg = Debug|Any CPU
		{C311034D-6ADB-4FCB-9E55-29A9A00756BD}.Debug|Any CPU.Build.0 = Debug|Any CPU
		{C311034D-6ADB-4FCB-9E55-29A9A00756BD}.Release|Any CPU.ActiveCfg = Release|Any CPU
		{C311034D-6ADB-4FCB-9E55-29A9A00756BD}.Release|Any CPU.Build.0 = Release|Any CPU
		{56114299-8641-454A-B2B9-4CC58715DAB3}.Debug|Any CPU.ActiveCfg = Debug|Any CPU
		{56114299-8641-454A-B2B9-4CC58715DAB3}.Debug|Any CPU.Build.0 = Debug|Any CPU
		{56114299-8641-454A-B2B9-4CC58715DAB3}.Release|Any CPU.ActiveCfg = Release|Any CPU
		{56114299-8641-454A-B2B9-4CC58715DAB3}.Release|Any CPU.Build.0 = Release|Any CPU
		{2AC88ABE-0A07-43E7-8DD8-0AA3B428169E}.Debug|Any CPU.ActiveCfg = Debug|Any CPU
		{2AC88ABE-0A07-43E7-8DD8-0AA3B428169E}.Debug|Any CPU.Build.0 = Debug|Any CPU
		{2AC88ABE-0A07-43E7-8DD8-0AA3B428169E}.Release|Any CPU.ActiveCfg = Release|Any CPU
		{2AC88ABE-0A07-43E7-8DD8-0AA3B428169E}.Release|Any CPU.Build.0 = Release|Any CPU
		{5815D795-29A1-4280-8EEF-299B44741109}.Debug|Any CPU.ActiveCfg = Debug|Any CPU
		{5815D795-29A1-4280-8EEF-299B44741109}.Debug|Any CPU.Build.0 = Debug|Any CPU
		{5815D795-29A1-4280-8EEF-299B44741109}.Release|Any CPU.ActiveCfg = Release|Any CPU
		{5815D795-29A1-4280-8EEF-299B44741109}.Release|Any CPU.Build.0 = Release|Any CPU
		{24D8C36F-5530-4889-91D8-6890E653A2BF}.Debug|Any CPU.ActiveCfg = Debug|Any CPU
		{24D8C36F-5530-4889-91D8-6890E653A2BF}.Debug|Any CPU.Build.0 = Debug|Any CPU
		{24D8C36F-5530-4889-91D8-6890E653A2BF}.Release|Any CPU.ActiveCfg = Release|Any CPU
		{24D8C36F-5530-4889-91D8-6890E653A2BF}.Release|Any CPU.Build.0 = Release|Any CPU
		{20D95D15-8359-478F-A5DE-B8CB1709D2EA}.Debug|Any CPU.ActiveCfg = Debug|Any CPU
		{20D95D15-8359-478F-A5DE-B8CB1709D2EA}.Debug|Any CPU.Build.0 = Debug|Any CPU
		{20D95D15-8359-478F-A5DE-B8CB1709D2EA}.Release|Any CPU.ActiveCfg = Release|Any CPU
		{20D95D15-8359-478F-A5DE-B8CB1709D2EA}.Release|Any CPU.Build.0 = Release|Any CPU
		{043A93B8-3206-4C13-B3F6-22D7D7A7E86A}.Debug|Any CPU.ActiveCfg = Debug|Any CPU
		{043A93B8-3206-4C13-B3F6-22D7D7A7E86A}.Debug|Any CPU.Build.0 = Debug|Any CPU
		{043A93B8-3206-4C13-B3F6-22D7D7A7E86A}.Release|Any CPU.ActiveCfg = Release|Any CPU
		{043A93B8-3206-4C13-B3F6-22D7D7A7E86A}.Release|Any CPU.Build.0 = Release|Any CPU
		{66ABF7A0-91AD-495E-A9F4-3E609126C1C5}.Debug|Any CPU.ActiveCfg = Debug|Any CPU
		{66ABF7A0-91AD-495E-A9F4-3E609126C1C5}.Debug|Any CPU.Build.0 = Debug|Any CPU
		{66ABF7A0-91AD-495E-A9F4-3E609126C1C5}.Release|Any CPU.ActiveCfg = Release|Any CPU
		{66ABF7A0-91AD-495E-A9F4-3E609126C1C5}.Release|Any CPU.Build.0 = Release|Any CPU
		{8D788D8F-D989-45C2-BDF7-243905CDF3F2}.Debug|Any CPU.ActiveCfg = Debug|Any CPU
		{8D788D8F-D989-45C2-BDF7-243905CDF3F2}.Debug|Any CPU.Build.0 = Debug|Any CPU
		{8D788D8F-D989-45C2-BDF7-243905CDF3F2}.Release|Any CPU.ActiveCfg = Release|Any CPU
		{8D788D8F-D989-45C2-BDF7-243905CDF3F2}.Release|Any CPU.Build.0 = Release|Any CPU
		{9678DE04-FC34-4986-A562-25A90AA36F31}.Debug|Any CPU.ActiveCfg = Debug|Any CPU
		{9678DE04-FC34-4986-A562-25A90AA36F31}.Debug|Any CPU.Build.0 = Debug|Any CPU
		{9678DE04-FC34-4986-A562-25A90AA36F31}.Release|Any CPU.ActiveCfg = Release|Any CPU
		{9678DE04-FC34-4986-A562-25A90AA36F31}.Release|Any CPU.Build.0 = Release|Any CPU
		{0D376AEC-8009-454E-8277-1CF5E7B788F6}.Debug|Any CPU.ActiveCfg = Debug|Any CPU
		{0D376AEC-8009-454E-8277-1CF5E7B788F6}.Debug|Any CPU.Build.0 = Debug|Any CPU
		{0D376AEC-8009-454E-8277-1CF5E7B788F6}.Release|Any CPU.ActiveCfg = Release|Any CPU
		{0D376AEC-8009-454E-8277-1CF5E7B788F6}.Release|Any CPU.Build.0 = Release|Any CPU
		{03F0AA5A-92EF-4D68-BEDC-0731BCA4E222}.Debug|Any CPU.ActiveCfg = Debug|Any CPU
		{03F0AA5A-92EF-4D68-BEDC-0731BCA4E222}.Debug|Any CPU.Build.0 = Debug|Any CPU
		{03F0AA5A-92EF-4D68-BEDC-0731BCA4E222}.Release|Any CPU.ActiveCfg = Release|Any CPU
		{03F0AA5A-92EF-4D68-BEDC-0731BCA4E222}.Release|Any CPU.Build.0 = Release|Any CPU
		{FBAE19BC-E45A-484B-A0EB-4845B0D6D4BA}.Debug|Any CPU.ActiveCfg = Debug|Any CPU
		{FBAE19BC-E45A-484B-A0EB-4845B0D6D4BA}.Debug|Any CPU.Build.0 = Debug|Any CPU
		{FBAE19BC-E45A-484B-A0EB-4845B0D6D4BA}.Release|Any CPU.ActiveCfg = Release|Any CPU
		{FBAE19BC-E45A-484B-A0EB-4845B0D6D4BA}.Release|Any CPU.Build.0 = Release|Any CPU
		{E0F0516E-0C12-46FF-8113-35F91ADE8A1C}.Debug|Any CPU.ActiveCfg = Debug|Any CPU
		{E0F0516E-0C12-46FF-8113-35F91ADE8A1C}.Debug|Any CPU.Build.0 = Debug|Any CPU
		{E0F0516E-0C12-46FF-8113-35F91ADE8A1C}.Release|Any CPU.ActiveCfg = Release|Any CPU
		{E0F0516E-0C12-46FF-8113-35F91ADE8A1C}.Release|Any CPU.Build.0 = Release|Any CPU
	EndGlobalSection
	GlobalSection(SolutionProperties) = preSolution
		HideSolutionNode = FALSE
	EndGlobalSection
EndGlobal
